// !$*UTF8*$!
{
	archiveVersion = 1;
	classes = {
	};
	objectVersion = 51;
	objects = {

/* Begin PBXBuildFile section */
		479975942C9AAAB7032A31C9 /* Pods_IssueTracker.framework in Frameworks */ = {isa = PBXBuildFile; fileRef = 3BC494300E19819495F531A3 /* Pods_IssueTracker.framework */; };
		88F7455C5F7BEFF35B6F8B68 /* Pods_IssueTracker_IssueTrackerUITests.framework in Frameworks */ = {isa = PBXBuildFile; fileRef = A9F780228127747F645E460F /* Pods_IssueTracker_IssueTrackerUITests.framework */; };
		CF62C8B82551064100D18A5A /* MilestoneListViewController.swift in Sources */ = {isa = PBXBuildFile; fileRef = CF62C8B72551064100D18A5A /* MilestoneListViewController.swift */; };
		CF62C8C02551287C00D18A5A /* PopUpView.xib in Resources */ = {isa = PBXBuildFile; fileRef = CF62C8BF2551287C00D18A5A /* PopUpView.xib */; };
		CF62C8C525513A3C00D18A5A /* PopUpView.swift in Sources */ = {isa = PBXBuildFile; fileRef = CF62C8C425513A3C00D18A5A /* PopUpView.swift */; };
		CF62C8D125515B4200D18A5A /* PopUpViewController.swift in Sources */ = {isa = PBXBuildFile; fileRef = CF62C8D025515B4200D18A5A /* PopUpViewController.swift */; };
		CF62C8D92551816200D18A5A /* UIView+Nib.swift in Sources */ = {isa = PBXBuildFile; fileRef = CF62C8D82551816200D18A5A /* UIView+Nib.swift */; };
		CF62C8DE255181B000D18A5A /* NibWrapperView.swift in Sources */ = {isa = PBXBuildFile; fileRef = CF62C8DD255181B000D18A5A /* NibWrapperView.swift */; };
		CF62C8E325518A1100D18A5A /* UIViewController+Present.swift in Sources */ = {isa = PBXBuildFile; fileRef = CF62C8E225518A1100D18A5A /* UIViewController+Present.swift */; };
		CF76A8412553209700CE6C7F /* MilestoneCollectionViewCell.swift in Sources */ = {isa = PBXBuildFile; fileRef = CF76A8402553209700CE6C7F /* MilestoneCollectionViewCell.swift */; };
		CF90B8F42552A32600BDF25A /* UIColor+HexString.swift in Sources */ = {isa = PBXBuildFile; fileRef = CF90B8F32552A32600BDF25A /* UIColor+HexString.swift */; };
		CFD153902553DDE30019C8C3 /* BadgeLabel.swift in Sources */ = {isa = PBXBuildFile; fileRef = CFD1538F2553DDE30019C8C3 /* BadgeLabel.swift */; };
		E70936A756522CB429592B92 /* Pods_IssueTrackerTests.framework in Frameworks */ = {isa = PBXBuildFile; fileRef = BAAAD3E6C55EDD97FC688506 /* Pods_IssueTrackerTests.framework */; };
		FA08E5AB25512460008FBCFF /* Comment.swift in Sources */ = {isa = PBXBuildFile; fileRef = FA08E5AA25512460008FBCFF /* Comment.swift */; };
		FA08E5B02551268B008FBCFF /* Emoji.swift in Sources */ = {isa = PBXBuildFile; fileRef = FA08E5AF2551268B008FBCFF /* Emoji.swift */; };
		FA8336802549A2C80042F178 /* AppDelegate.swift in Sources */ = {isa = PBXBuildFile; fileRef = FA83367F2549A2C80042F178 /* AppDelegate.swift */; };
		FA8336822549A2C80042F178 /* SceneDelegate.swift in Sources */ = {isa = PBXBuildFile; fileRef = FA8336812549A2C80042F178 /* SceneDelegate.swift */; };
		FA8336842549A2C80042F178 /* IssueListViewController.swift in Sources */ = {isa = PBXBuildFile; fileRef = FA8336832549A2C80042F178 /* IssueListViewController.swift */; };
		FA8336872549A2C80042F178 /* Main.storyboard in Resources */ = {isa = PBXBuildFile; fileRef = FA8336852549A2C80042F178 /* Main.storyboard */; };
		FA8336892549A2CA0042F178 /* Assets.xcassets in Resources */ = {isa = PBXBuildFile; fileRef = FA8336882549A2CA0042F178 /* Assets.xcassets */; };
		FA83368C2549A2CA0042F178 /* LaunchScreen.storyboard in Resources */ = {isa = PBXBuildFile; fileRef = FA83368A2549A2CA0042F178 /* LaunchScreen.storyboard */; };
		FA8336972549A2CA0042F178 /* IssueTrackerTests.swift in Sources */ = {isa = PBXBuildFile; fileRef = FA8336962549A2CA0042F178 /* IssueTrackerTests.swift */; };
		FA8336A22549A2CA0042F178 /* IssueTrackerUITests.swift in Sources */ = {isa = PBXBuildFile; fileRef = FA8336A12549A2CA0042F178 /* IssueTrackerUITests.swift */; };
		FA96E4E8255030C2006F3D01 /* Issue.swift in Sources */ = {isa = PBXBuildFile; fileRef = FA96E4E7255030C2006F3D01 /* Issue.swift */; };
		FA96E4ED2550319D006F3D01 /* User.swift in Sources */ = {isa = PBXBuildFile; fileRef = FA96E4EC2550319D006F3D01 /* User.swift */; };
		FA96E4F2255035E4006F3D01 /* Label.swift in Sources */ = {isa = PBXBuildFile; fileRef = FA96E4F1255035E4006F3D01 /* Label.swift */; };
		FA96E4F7255036D1006F3D01 /* Milestone.swift in Sources */ = {isa = PBXBuildFile; fileRef = FA96E4F6255036D1006F3D01 /* Milestone.swift */; };
		FA96E5032550699C006F3D01 /* LabelListViewController.swift in Sources */ = {isa = PBXBuildFile; fileRef = FA96E5022550699B006F3D01 /* LabelListViewController.swift */; };
		FAC21F1F2552A09300BB6DB5 /* LabelListCell.swift in Sources */ = {isa = PBXBuildFile; fileRef = FAC21F1E2552A09300BB6DB5 /* LabelListCell.swift */; };
		FAC21F2725531C8B00BB6DB5 /* LabelLabel.swift in Sources */ = {isa = PBXBuildFile; fileRef = FAC21F2625531C8B00BB6DB5 /* LabelLabel.swift */; };
		FAC21F472553DFC100BB6DB5 /* NetworkManager.swift in Sources */ = {isa = PBXBuildFile; fileRef = FAC21F462553DFC100BB6DB5 /* NetworkManager.swift */; };
/* End PBXBuildFile section */

/* Begin PBXContainerItemProxy section */
		FA8336932549A2CA0042F178 /* PBXContainerItemProxy */ = {
			isa = PBXContainerItemProxy;
			containerPortal = FA8336742549A2C80042F178 /* Project object */;
			proxyType = 1;
			remoteGlobalIDString = FA83367B2549A2C80042F178;
			remoteInfo = IssueTracker;
		};
		FA83369E2549A2CA0042F178 /* PBXContainerItemProxy */ = {
			isa = PBXContainerItemProxy;
			containerPortal = FA8336742549A2C80042F178 /* Project object */;
			proxyType = 1;
			remoteGlobalIDString = FA83367B2549A2C80042F178;
			remoteInfo = IssueTracker;
		};
/* End PBXContainerItemProxy section */

/* Begin PBXFileReference section */
		1E945AC86DC001928D082F9A /* Pods-IssueTrackerTests.debug.xcconfig */ = {isa = PBXFileReference; includeInIndex = 1; lastKnownFileType = text.xcconfig; name = "Pods-IssueTrackerTests.debug.xcconfig"; path = "Target Support Files/Pods-IssueTrackerTests/Pods-IssueTrackerTests.debug.xcconfig"; sourceTree = "<group>"; };
		20DAADD4760A8533A77CE403 /* Pods-IssueTracker.release.xcconfig */ = {isa = PBXFileReference; includeInIndex = 1; lastKnownFileType = text.xcconfig; name = "Pods-IssueTracker.release.xcconfig"; path = "Target Support Files/Pods-IssueTracker/Pods-IssueTracker.release.xcconfig"; sourceTree = "<group>"; };
		3BC494300E19819495F531A3 /* Pods_IssueTracker.framework */ = {isa = PBXFileReference; explicitFileType = wrapper.framework; includeInIndex = 0; path = Pods_IssueTracker.framework; sourceTree = BUILT_PRODUCTS_DIR; };
		9A48F5AC15B1A7663E045F59 /* Pods-IssueTracker-IssueTrackerUITests.release.xcconfig */ = {isa = PBXFileReference; includeInIndex = 1; lastKnownFileType = text.xcconfig; name = "Pods-IssueTracker-IssueTrackerUITests.release.xcconfig"; path = "Target Support Files/Pods-IssueTracker-IssueTrackerUITests/Pods-IssueTracker-IssueTrackerUITests.release.xcconfig"; sourceTree = "<group>"; };
		A9F780228127747F645E460F /* Pods_IssueTracker_IssueTrackerUITests.framework */ = {isa = PBXFileReference; explicitFileType = wrapper.framework; includeInIndex = 0; path = Pods_IssueTracker_IssueTrackerUITests.framework; sourceTree = BUILT_PRODUCTS_DIR; };
		AA0C1320BF34CF60E84A5B82 /* Pods-IssueTrackerTests.release.xcconfig */ = {isa = PBXFileReference; includeInIndex = 1; lastKnownFileType = text.xcconfig; name = "Pods-IssueTrackerTests.release.xcconfig"; path = "Target Support Files/Pods-IssueTrackerTests/Pods-IssueTrackerTests.release.xcconfig"; sourceTree = "<group>"; };
		BAAAD3E6C55EDD97FC688506 /* Pods_IssueTrackerTests.framework */ = {isa = PBXFileReference; explicitFileType = wrapper.framework; includeInIndex = 0; path = Pods_IssueTrackerTests.framework; sourceTree = BUILT_PRODUCTS_DIR; };
		CF62C8B72551064100D18A5A /* MilestoneListViewController.swift */ = {isa = PBXFileReference; lastKnownFileType = sourcecode.swift; path = MilestoneListViewController.swift; sourceTree = "<group>"; };
		CF62C8BF2551287C00D18A5A /* PopUpView.xib */ = {isa = PBXFileReference; lastKnownFileType = file.xib; path = PopUpView.xib; sourceTree = "<group>"; };
		CF62C8C425513A3C00D18A5A /* PopUpView.swift */ = {isa = PBXFileReference; lastKnownFileType = sourcecode.swift; path = PopUpView.swift; sourceTree = "<group>"; };
		CF62C8D025515B4200D18A5A /* PopUpViewController.swift */ = {isa = PBXFileReference; lastKnownFileType = sourcecode.swift; path = PopUpViewController.swift; sourceTree = "<group>"; };
		CF62C8D82551816200D18A5A /* UIView+Nib.swift */ = {isa = PBXFileReference; lastKnownFileType = sourcecode.swift; path = "UIView+Nib.swift"; sourceTree = "<group>"; };
		CF62C8DD255181B000D18A5A /* NibWrapperView.swift */ = {isa = PBXFileReference; lastKnownFileType = sourcecode.swift; path = NibWrapperView.swift; sourceTree = "<group>"; };
		CF62C8E225518A1100D18A5A /* UIViewController+Present.swift */ = {isa = PBXFileReference; lastKnownFileType = sourcecode.swift; path = "UIViewController+Present.swift"; sourceTree = "<group>"; };
		CF76A8402553209700CE6C7F /* MilestoneCollectionViewCell.swift */ = {isa = PBXFileReference; lastKnownFileType = sourcecode.swift; path = MilestoneCollectionViewCell.swift; sourceTree = "<group>"; };
		CF90B8F32552A32600BDF25A /* UIColor+HexString.swift */ = {isa = PBXFileReference; lastKnownFileType = sourcecode.swift; path = "UIColor+HexString.swift"; sourceTree = "<group>"; };
		CFD1538F2553DDE30019C8C3 /* BadgeLabel.swift */ = {isa = PBXFileReference; lastKnownFileType = sourcecode.swift; path = BadgeLabel.swift; sourceTree = "<group>"; };
		ED590DFEE21AFD5F13E90E87 /* Pods-IssueTracker-IssueTrackerUITests.debug.xcconfig */ = {isa = PBXFileReference; includeInIndex = 1; lastKnownFileType = text.xcconfig; name = "Pods-IssueTracker-IssueTrackerUITests.debug.xcconfig"; path = "Target Support Files/Pods-IssueTracker-IssueTrackerUITests/Pods-IssueTracker-IssueTrackerUITests.debug.xcconfig"; sourceTree = "<group>"; };
		FA08E5AA25512460008FBCFF /* Comment.swift */ = {isa = PBXFileReference; lastKnownFileType = sourcecode.swift; path = Comment.swift; sourceTree = "<group>"; };
		FA08E5AF2551268B008FBCFF /* Emoji.swift */ = {isa = PBXFileReference; lastKnownFileType = sourcecode.swift; path = Emoji.swift; sourceTree = "<group>"; };
		FA83367C2549A2C80042F178 /* IssueTracker.app */ = {isa = PBXFileReference; explicitFileType = wrapper.application; includeInIndex = 0; path = IssueTracker.app; sourceTree = BUILT_PRODUCTS_DIR; };
		FA83367F2549A2C80042F178 /* AppDelegate.swift */ = {isa = PBXFileReference; lastKnownFileType = sourcecode.swift; path = AppDelegate.swift; sourceTree = "<group>"; };
		FA8336812549A2C80042F178 /* SceneDelegate.swift */ = {isa = PBXFileReference; lastKnownFileType = sourcecode.swift; path = SceneDelegate.swift; sourceTree = "<group>"; };
		FA8336832549A2C80042F178 /* IssueListViewController.swift */ = {isa = PBXFileReference; lastKnownFileType = sourcecode.swift; path = IssueListViewController.swift; sourceTree = "<group>"; };
		FA8336862549A2C80042F178 /* Base */ = {isa = PBXFileReference; lastKnownFileType = file.storyboard; name = Base; path = Base.lproj/Main.storyboard; sourceTree = "<group>"; };
		FA8336882549A2CA0042F178 /* Assets.xcassets */ = {isa = PBXFileReference; lastKnownFileType = folder.assetcatalog; path = Assets.xcassets; sourceTree = "<group>"; };
		FA83368B2549A2CA0042F178 /* Base */ = {isa = PBXFileReference; lastKnownFileType = file.storyboard; name = Base; path = Base.lproj/LaunchScreen.storyboard; sourceTree = "<group>"; };
		FA83368D2549A2CA0042F178 /* Info.plist */ = {isa = PBXFileReference; lastKnownFileType = text.plist.xml; path = Info.plist; sourceTree = "<group>"; };
		FA8336922549A2CA0042F178 /* IssueTrackerTests.xctest */ = {isa = PBXFileReference; explicitFileType = wrapper.cfbundle; includeInIndex = 0; path = IssueTrackerTests.xctest; sourceTree = BUILT_PRODUCTS_DIR; };
		FA8336962549A2CA0042F178 /* IssueTrackerTests.swift */ = {isa = PBXFileReference; lastKnownFileType = sourcecode.swift; path = IssueTrackerTests.swift; sourceTree = "<group>"; };
		FA8336982549A2CA0042F178 /* Info.plist */ = {isa = PBXFileReference; lastKnownFileType = text.plist.xml; path = Info.plist; sourceTree = "<group>"; };
		FA83369D2549A2CA0042F178 /* IssueTrackerUITests.xctest */ = {isa = PBXFileReference; explicitFileType = wrapper.cfbundle; includeInIndex = 0; path = IssueTrackerUITests.xctest; sourceTree = BUILT_PRODUCTS_DIR; };
		FA8336A12549A2CA0042F178 /* IssueTrackerUITests.swift */ = {isa = PBXFileReference; lastKnownFileType = sourcecode.swift; path = IssueTrackerUITests.swift; sourceTree = "<group>"; };
		FA8336A32549A2CA0042F178 /* Info.plist */ = {isa = PBXFileReference; lastKnownFileType = text.plist.xml; path = Info.plist; sourceTree = "<group>"; };
		FA96E4E7255030C2006F3D01 /* Issue.swift */ = {isa = PBXFileReference; lastKnownFileType = sourcecode.swift; path = Issue.swift; sourceTree = "<group>"; };
		FA96E4EC2550319D006F3D01 /* User.swift */ = {isa = PBXFileReference; lastKnownFileType = sourcecode.swift; path = User.swift; sourceTree = "<group>"; };
		FA96E4F1255035E4006F3D01 /* Label.swift */ = {isa = PBXFileReference; lastKnownFileType = sourcecode.swift; path = Label.swift; sourceTree = "<group>"; };
		FA96E4F6255036D1006F3D01 /* Milestone.swift */ = {isa = PBXFileReference; lastKnownFileType = sourcecode.swift; path = Milestone.swift; sourceTree = "<group>"; };
		FA96E5022550699B006F3D01 /* LabelListViewController.swift */ = {isa = PBXFileReference; lastKnownFileType = sourcecode.swift; path = LabelListViewController.swift; sourceTree = "<group>"; };
		FAC21F1E2552A09300BB6DB5 /* LabelListCell.swift */ = {isa = PBXFileReference; lastKnownFileType = sourcecode.swift; path = LabelListCell.swift; sourceTree = "<group>"; };
		FAC21F2625531C8B00BB6DB5 /* LabelLabel.swift */ = {isa = PBXFileReference; lastKnownFileType = sourcecode.swift; path = LabelLabel.swift; sourceTree = "<group>"; };
		FAC21F462553DFC100BB6DB5 /* NetworkManager.swift */ = {isa = PBXFileReference; lastKnownFileType = sourcecode.swift; path = NetworkManager.swift; sourceTree = "<group>"; };
		FFC2AB4783209763D5FB3663 /* Pods-IssueTracker.debug.xcconfig */ = {isa = PBXFileReference; includeInIndex = 1; lastKnownFileType = text.xcconfig; name = "Pods-IssueTracker.debug.xcconfig"; path = "Target Support Files/Pods-IssueTracker/Pods-IssueTracker.debug.xcconfig"; sourceTree = "<group>"; };
/* End PBXFileReference section */

/* Begin PBXFrameworksBuildPhase section */
		FA8336792549A2C80042F178 /* Frameworks */ = {
			isa = PBXFrameworksBuildPhase;
			buildActionMask = 2147483647;
			files = (
				479975942C9AAAB7032A31C9 /* Pods_IssueTracker.framework in Frameworks */,
			);
			runOnlyForDeploymentPostprocessing = 0;
		};
		FA83368F2549A2CA0042F178 /* Frameworks */ = {
			isa = PBXFrameworksBuildPhase;
			buildActionMask = 2147483647;
			files = (
				E70936A756522CB429592B92 /* Pods_IssueTrackerTests.framework in Frameworks */,
			);
			runOnlyForDeploymentPostprocessing = 0;
		};
		FA83369A2549A2CA0042F178 /* Frameworks */ = {
			isa = PBXFrameworksBuildPhase;
			buildActionMask = 2147483647;
			files = (
				88F7455C5F7BEFF35B6F8B68 /* Pods_IssueTracker_IssueTrackerUITests.framework in Frameworks */,
			);
			runOnlyForDeploymentPostprocessing = 0;
		};
/* End PBXFrameworksBuildPhase section */

/* Begin PBXGroup section */
		09354BFACA1157DC08D8183E /* Pods */ = {
			isa = PBXGroup;
			children = (
				FFC2AB4783209763D5FB3663 /* Pods-IssueTracker.debug.xcconfig */,
				20DAADD4760A8533A77CE403 /* Pods-IssueTracker.release.xcconfig */,
				ED590DFEE21AFD5F13E90E87 /* Pods-IssueTracker-IssueTrackerUITests.debug.xcconfig */,
				9A48F5AC15B1A7663E045F59 /* Pods-IssueTracker-IssueTrackerUITests.release.xcconfig */,
				1E945AC86DC001928D082F9A /* Pods-IssueTrackerTests.debug.xcconfig */,
				AA0C1320BF34CF60E84A5B82 /* Pods-IssueTrackerTests.release.xcconfig */,
			);
			path = Pods;
			sourceTree = "<group>";
		};
		1888119513AFADE3DB69AC32 /* Frameworks */ = {
			isa = PBXGroup;
			children = (
				3BC494300E19819495F531A3 /* Pods_IssueTracker.framework */,
				A9F780228127747F645E460F /* Pods_IssueTracker_IssueTrackerUITests.framework */,
				BAAAD3E6C55EDD97FC688506 /* Pods_IssueTrackerTests.framework */,
			);
			name = Frameworks;
			sourceTree = "<group>";
		};
		FA3D70BF25544B85008EA2BE /* Extension */ = {
			isa = PBXGroup;
			children = (
				FA96E4FB255037B7006F3D01 /* Model */,
				CF90B8F32552A32600BDF25A /* UIColor+HexString.swift */,
				CF62C8D82551816200D18A5A /* UIView+Nib.swift */,
				CF62C8E225518A1100D18A5A /* UIViewController+Present.swift */,
			);
			path = Extension;
			sourceTree = "<group>";
		};
		FA3D70C025544BAB008EA2BE /* View */ = {
			isa = PBXGroup;
			children = (
				CF76A8402553209700CE6C7F /* MilestoneCollectionViewCell.swift */,
				CFD1538F2553DDE30019C8C3 /* BadgeLabel.swift */,
				FAC21F1E2552A09300BB6DB5 /* LabelListCell.swift */,
				CF62C8DD255181B000D18A5A /* NibWrapperView.swift */,
				CF62C8BF2551287C00D18A5A /* PopUpView.xib */,
				CF62C8C425513A3C00D18A5A /* PopUpView.swift */,
			);
			path = View;
			sourceTree = "<group>";
		};
		FA3D70C725544BC4008EA2BE /* Controller */ = {
			isa = PBXGroup;
			children = (
				FA96E5022550699B006F3D01 /* LabelListViewController.swift */,
				FA8336832549A2C80042F178 /* IssueListViewController.swift */,
				CF62C8D025515B4200D18A5A /* PopUpViewController.swift */,
				CF62C8B72551064100D18A5A /* MilestoneListViewController.swift */,
			);
			path = Controller;
			sourceTree = "<group>";
		};
		FA8336732549A2C80042F178 = {
			isa = PBXGroup;
			children = (
				FA83367E2549A2C80042F178 /* IssueTracker */,
				FA8336952549A2CA0042F178 /* IssueTrackerTests */,
				FA8336A02549A2CA0042F178 /* IssueTrackerUITests */,
				FA83367D2549A2C80042F178 /* Products */,
				09354BFACA1157DC08D8183E /* Pods */,
				1888119513AFADE3DB69AC32 /* Frameworks */,
			);
			sourceTree = "<group>";
		};
		FA83367D2549A2C80042F178 /* Products */ = {
			isa = PBXGroup;
			children = (
				FA83367C2549A2C80042F178 /* IssueTracker.app */,
				FA8336922549A2CA0042F178 /* IssueTrackerTests.xctest */,
				FA83369D2549A2CA0042F178 /* IssueTrackerUITests.xctest */,
			);
			name = Products;
			sourceTree = "<group>";
		};
		FA83367E2549A2C80042F178 /* IssueTracker */ = {
			isa = PBXGroup;
			children = (
				FAC21F2625531C8B00BB6DB5 /* LabelLabel.swift */,
				FA83367F2549A2C80042F178 /* AppDelegate.swift */,
				FA8336812549A2C80042F178 /* SceneDelegate.swift */,
				FA8336852549A2C80042F178 /* Main.storyboard */,
				FA3D70C725544BC4008EA2BE /* Controller */,
				FA3D70C025544BAB008EA2BE /* View */,
				FA3D70BF25544B85008EA2BE /* Extension */,
				FA8336882549A2CA0042F178 /* Assets.xcassets */,
				FA83368A2549A2CA0042F178 /* LaunchScreen.storyboard */,
				FA83368D2549A2CA0042F178 /* Info.plist */,
			);
			path = IssueTracker;
			sourceTree = "<group>";
		};
		FA8336952549A2CA0042F178 /* IssueTrackerTests */ = {
			isa = PBXGroup;
			children = (
				FA8336962549A2CA0042F178 /* IssueTrackerTests.swift */,
				FA8336982549A2CA0042F178 /* Info.plist */,
			);
			path = IssueTrackerTests;
			sourceTree = "<group>";
		};
		FA8336A02549A2CA0042F178 /* IssueTrackerUITests */ = {
			isa = PBXGroup;
			children = (
				FA8336A12549A2CA0042F178 /* IssueTrackerUITests.swift */,
				FA8336A32549A2CA0042F178 /* Info.plist */,
			);
			path = IssueTrackerUITests;
			sourceTree = "<group>";
		};
		FA96E4FB255037B7006F3D01 /* Model */ = {
			isa = PBXGroup;
			children = (
				FA96E4E7255030C2006F3D01 /* Issue.swift */,
				FA08E5AA25512460008FBCFF /* Comment.swift */,
				FA08E5AF2551268B008FBCFF /* Emoji.swift */,
				FA96E4EC2550319D006F3D01 /* User.swift */,
				FA96E4F1255035E4006F3D01 /* Label.swift */,
				FA96E4F6255036D1006F3D01 /* Milestone.swift */,
				FAC21F462553DFC100BB6DB5 /* NetworkManager.swift */,
			);
			path = Model;
			sourceTree = "<group>";
		};
/* End PBXGroup section */

/* Begin PBXNativeTarget section */
		FA83367B2549A2C80042F178 /* IssueTracker */ = {
			isa = PBXNativeTarget;
			buildConfigurationList = FA8336A62549A2CA0042F178 /* Build configuration list for PBXNativeTarget "IssueTracker" */;
			buildPhases = (
				5028AE43EF237DC78D6134D3 /* [CP] Check Pods Manifest.lock */,
				FA8336782549A2C80042F178 /* Sources */,
				FA8336792549A2C80042F178 /* Frameworks */,
				FA83367A2549A2C80042F178 /* Resources */,
				190589B51DA25338B76F1EE3 /* [CP] Embed Pods Frameworks */,
			);
			buildRules = (
			);
			dependencies = (
			);
			name = IssueTracker;
			productName = IssueTracker;
			productReference = FA83367C2549A2C80042F178 /* IssueTracker.app */;
			productType = "com.apple.product-type.application";
		};
		FA8336912549A2CA0042F178 /* IssueTrackerTests */ = {
			isa = PBXNativeTarget;
			buildConfigurationList = FA8336A92549A2CA0042F178 /* Build configuration list for PBXNativeTarget "IssueTrackerTests" */;
			buildPhases = (
				CFA0657DF6F72D211BE92BDE /* [CP] Check Pods Manifest.lock */,
				FA83368E2549A2CA0042F178 /* Sources */,
				FA83368F2549A2CA0042F178 /* Frameworks */,
				FA8336902549A2CA0042F178 /* Resources */,
			);
			buildRules = (
			);
			dependencies = (
				FA8336942549A2CA0042F178 /* PBXTargetDependency */,
			);
			name = IssueTrackerTests;
			productName = IssueTrackerTests;
			productReference = FA8336922549A2CA0042F178 /* IssueTrackerTests.xctest */;
			productType = "com.apple.product-type.bundle.unit-test";
		};
		FA83369C2549A2CA0042F178 /* IssueTrackerUITests */ = {
			isa = PBXNativeTarget;
			buildConfigurationList = FA8336AC2549A2CA0042F178 /* Build configuration list for PBXNativeTarget "IssueTrackerUITests" */;
			buildPhases = (
				C51DE197942F12021E30E809 /* [CP] Check Pods Manifest.lock */,
				FA8336992549A2CA0042F178 /* Sources */,
				FA83369A2549A2CA0042F178 /* Frameworks */,
				FA83369B2549A2CA0042F178 /* Resources */,
				F844F9842B15A51C7ECF5BFD /* [CP] Embed Pods Frameworks */,
			);
			buildRules = (
			);
			dependencies = (
				FA83369F2549A2CA0042F178 /* PBXTargetDependency */,
			);
			name = IssueTrackerUITests;
			productName = IssueTrackerUITests;
			productReference = FA83369D2549A2CA0042F178 /* IssueTrackerUITests.xctest */;
			productType = "com.apple.product-type.bundle.ui-testing";
		};
/* End PBXNativeTarget section */

/* Begin PBXProject section */
		FA8336742549A2C80042F178 /* Project object */ = {
			isa = PBXProject;
			attributes = {
				LastSwiftUpdateCheck = 1200;
				LastUpgradeCheck = 1200;
				TargetAttributes = {
					FA83367B2549A2C80042F178 = {
						CreatedOnToolsVersion = 12.0.1;
					};
					FA8336912549A2CA0042F178 = {
						CreatedOnToolsVersion = 12.0.1;
						TestTargetID = FA83367B2549A2C80042F178;
					};
					FA83369C2549A2CA0042F178 = {
						CreatedOnToolsVersion = 12.0.1;
						TestTargetID = FA83367B2549A2C80042F178;
					};
				};
			};
			buildConfigurationList = FA8336772549A2C80042F178 /* Build configuration list for PBXProject "IssueTracker" */;
			compatibilityVersion = "Xcode 9.3";
			developmentRegion = en;
			hasScannedForEncodings = 0;
			knownRegions = (
				en,
				Base,
			);
			mainGroup = FA8336732549A2C80042F178;
			productRefGroup = FA83367D2549A2C80042F178 /* Products */;
			projectDirPath = "";
			projectRoot = "";
			targets = (
				FA83367B2549A2C80042F178 /* IssueTracker */,
				FA8336912549A2CA0042F178 /* IssueTrackerTests */,
				FA83369C2549A2CA0042F178 /* IssueTrackerUITests */,
			);
		};
/* End PBXProject section */

/* Begin PBXResourcesBuildPhase section */
		FA83367A2549A2C80042F178 /* Resources */ = {
			isa = PBXResourcesBuildPhase;
			buildActionMask = 2147483647;
			files = (
				FA83368C2549A2CA0042F178 /* LaunchScreen.storyboard in Resources */,
				CF62C8C02551287C00D18A5A /* PopUpView.xib in Resources */,
				FA8336892549A2CA0042F178 /* Assets.xcassets in Resources */,
				FA8336872549A2C80042F178 /* Main.storyboard in Resources */,
			);
			runOnlyForDeploymentPostprocessing = 0;
		};
		FA8336902549A2CA0042F178 /* Resources */ = {
			isa = PBXResourcesBuildPhase;
			buildActionMask = 2147483647;
			files = (
			);
			runOnlyForDeploymentPostprocessing = 0;
		};
		FA83369B2549A2CA0042F178 /* Resources */ = {
			isa = PBXResourcesBuildPhase;
			buildActionMask = 2147483647;
			files = (
			);
			runOnlyForDeploymentPostprocessing = 0;
		};
/* End PBXResourcesBuildPhase section */

/* Begin PBXShellScriptBuildPhase section */
		190589B51DA25338B76F1EE3 /* [CP] Embed Pods Frameworks */ = {
			isa = PBXShellScriptBuildPhase;
			buildActionMask = 2147483647;
			files = (
			);
			inputFileListPaths = (
				"${PODS_ROOT}/Target Support Files/Pods-IssueTracker/Pods-IssueTracker-frameworks-${CONFIGURATION}-input-files.xcfilelist",
			);
			name = "[CP] Embed Pods Frameworks";
			outputFileListPaths = (
				"${PODS_ROOT}/Target Support Files/Pods-IssueTracker/Pods-IssueTracker-frameworks-${CONFIGURATION}-output-files.xcfilelist",
			);
			runOnlyForDeploymentPostprocessing = 0;
			shellPath = /bin/sh;
			shellScript = "\"${PODS_ROOT}/Target Support Files/Pods-IssueTracker/Pods-IssueTracker-frameworks.sh\"\n";
			showEnvVarsInLog = 0;
		};
		5028AE43EF237DC78D6134D3 /* [CP] Check Pods Manifest.lock */ = {
			isa = PBXShellScriptBuildPhase;
			buildActionMask = 2147483647;
			files = (
			);
			inputFileListPaths = (
			);
			inputPaths = (
				"${PODS_PODFILE_DIR_PATH}/Podfile.lock",
				"${PODS_ROOT}/Manifest.lock",
			);
			name = "[CP] Check Pods Manifest.lock";
			outputFileListPaths = (
			);
			outputPaths = (
				"$(DERIVED_FILE_DIR)/Pods-IssueTracker-checkManifestLockResult.txt",
			);
			runOnlyForDeploymentPostprocessing = 0;
			shellPath = /bin/sh;
			shellScript = "diff \"${PODS_PODFILE_DIR_PATH}/Podfile.lock\" \"${PODS_ROOT}/Manifest.lock\" > /dev/null\nif [ $? != 0 ] ; then\n    # print error to STDERR\n    echo \"error: The sandbox is not in sync with the Podfile.lock. Run 'pod install' or update your CocoaPods installation.\" >&2\n    exit 1\nfi\n# This output is used by Xcode 'outputs' to avoid re-running this script phase.\necho \"SUCCESS\" > \"${SCRIPT_OUTPUT_FILE_0}\"\n";
			showEnvVarsInLog = 0;
		};
		C51DE197942F12021E30E809 /* [CP] Check Pods Manifest.lock */ = {
			isa = PBXShellScriptBuildPhase;
			buildActionMask = 2147483647;
			files = (
			);
			inputFileListPaths = (
			);
			inputPaths = (
				"${PODS_PODFILE_DIR_PATH}/Podfile.lock",
				"${PODS_ROOT}/Manifest.lock",
			);
			name = "[CP] Check Pods Manifest.lock";
			outputFileListPaths = (
			);
			outputPaths = (
				"$(DERIVED_FILE_DIR)/Pods-IssueTracker-IssueTrackerUITests-checkManifestLockResult.txt",
			);
			runOnlyForDeploymentPostprocessing = 0;
			shellPath = /bin/sh;
			shellScript = "diff \"${PODS_PODFILE_DIR_PATH}/Podfile.lock\" \"${PODS_ROOT}/Manifest.lock\" > /dev/null\nif [ $? != 0 ] ; then\n    # print error to STDERR\n    echo \"error: The sandbox is not in sync with the Podfile.lock. Run 'pod install' or update your CocoaPods installation.\" >&2\n    exit 1\nfi\n# This output is used by Xcode 'outputs' to avoid re-running this script phase.\necho \"SUCCESS\" > \"${SCRIPT_OUTPUT_FILE_0}\"\n";
			showEnvVarsInLog = 0;
		};
		CFA0657DF6F72D211BE92BDE /* [CP] Check Pods Manifest.lock */ = {
			isa = PBXShellScriptBuildPhase;
			buildActionMask = 2147483647;
			files = (
			);
			inputFileListPaths = (
			);
			inputPaths = (
				"${PODS_PODFILE_DIR_PATH}/Podfile.lock",
				"${PODS_ROOT}/Manifest.lock",
			);
			name = "[CP] Check Pods Manifest.lock";
			outputFileListPaths = (
			);
			outputPaths = (
				"$(DERIVED_FILE_DIR)/Pods-IssueTrackerTests-checkManifestLockResult.txt",
			);
			runOnlyForDeploymentPostprocessing = 0;
			shellPath = /bin/sh;
			shellScript = "diff \"${PODS_PODFILE_DIR_PATH}/Podfile.lock\" \"${PODS_ROOT}/Manifest.lock\" > /dev/null\nif [ $? != 0 ] ; then\n    # print error to STDERR\n    echo \"error: The sandbox is not in sync with the Podfile.lock. Run 'pod install' or update your CocoaPods installation.\" >&2\n    exit 1\nfi\n# This output is used by Xcode 'outputs' to avoid re-running this script phase.\necho \"SUCCESS\" > \"${SCRIPT_OUTPUT_FILE_0}\"\n";
			showEnvVarsInLog = 0;
		};
		F844F9842B15A51C7ECF5BFD /* [CP] Embed Pods Frameworks */ = {
			isa = PBXShellScriptBuildPhase;
			buildActionMask = 2147483647;
			files = (
			);
			inputFileListPaths = (
				"${PODS_ROOT}/Target Support Files/Pods-IssueTracker-IssueTrackerUITests/Pods-IssueTracker-IssueTrackerUITests-frameworks-${CONFIGURATION}-input-files.xcfilelist",
			);
			name = "[CP] Embed Pods Frameworks";
			outputFileListPaths = (
				"${PODS_ROOT}/Target Support Files/Pods-IssueTracker-IssueTrackerUITests/Pods-IssueTracker-IssueTrackerUITests-frameworks-${CONFIGURATION}-output-files.xcfilelist",
			);
			runOnlyForDeploymentPostprocessing = 0;
			shellPath = /bin/sh;
			shellScript = "\"${PODS_ROOT}/Target Support Files/Pods-IssueTracker-IssueTrackerUITests/Pods-IssueTracker-IssueTrackerUITests-frameworks.sh\"\n";
			showEnvVarsInLog = 0;
		};
/* End PBXShellScriptBuildPhase section */

/* Begin PBXSourcesBuildPhase section */
		FA8336782549A2C80042F178 /* Sources */ = {
			isa = PBXSourcesBuildPhase;
			buildActionMask = 2147483647;
			files = (
				FAC21F472553DFC100BB6DB5 /* NetworkManager.swift in Sources */,
				CF90B8F42552A32600BDF25A /* UIColor+HexString.swift in Sources */,
				CF62C8D125515B4200D18A5A /* PopUpViewController.swift in Sources */,
				CFD153902553DDE30019C8C3 /* BadgeLabel.swift in Sources */,
				CF62C8E325518A1100D18A5A /* UIViewController+Present.swift in Sources */,
				CF62C8C525513A3C00D18A5A /* PopUpView.swift in Sources */,
				FA08E5B02551268B008FBCFF /* Emoji.swift in Sources */,
				FAC21F1F2552A09300BB6DB5 /* LabelListCell.swift in Sources */,
				FA8336842549A2C80042F178 /* IssueListViewController.swift in Sources */,
				FA8336802549A2C80042F178 /* AppDelegate.swift in Sources */,
				FA96E4F2255035E4006F3D01 /* Label.swift in Sources */,
				FA96E5032550699C006F3D01 /* LabelListViewController.swift in Sources */,
				FA8336822549A2C80042F178 /* SceneDelegate.swift in Sources */,
				CF76A8412553209700CE6C7F /* MilestoneCollectionViewCell.swift in Sources */,
				FA96E4ED2550319D006F3D01 /* User.swift in Sources */,
				FAC21F2725531C8B00BB6DB5 /* LabelLabel.swift in Sources */,
				CF62C8D92551816200D18A5A /* UIView+Nib.swift in Sources */,
				CF62C8DE255181B000D18A5A /* NibWrapperView.swift in Sources */,
				CF62C8B82551064100D18A5A /* MilestoneListViewController.swift in Sources */,
				FA96E4E8255030C2006F3D01 /* Issue.swift in Sources */,
				FA08E5AB25512460008FBCFF /* Comment.swift in Sources */,
				FA96E4F7255036D1006F3D01 /* Milestone.swift in Sources */,
			);
			runOnlyForDeploymentPostprocessing = 0;
		};
		FA83368E2549A2CA0042F178 /* Sources */ = {
			isa = PBXSourcesBuildPhase;
			buildActionMask = 2147483647;
			files = (
				FA8336972549A2CA0042F178 /* IssueTrackerTests.swift in Sources */,
			);
			runOnlyForDeploymentPostprocessing = 0;
		};
		FA8336992549A2CA0042F178 /* Sources */ = {
			isa = PBXSourcesBuildPhase;
			buildActionMask = 2147483647;
			files = (
				FA8336A22549A2CA0042F178 /* IssueTrackerUITests.swift in Sources */,
			);
			runOnlyForDeploymentPostprocessing = 0;
		};
/* End PBXSourcesBuildPhase section */

/* Begin PBXTargetDependency section */
		FA8336942549A2CA0042F178 /* PBXTargetDependency */ = {
			isa = PBXTargetDependency;
			target = FA83367B2549A2C80042F178 /* IssueTracker */;
			targetProxy = FA8336932549A2CA0042F178 /* PBXContainerItemProxy */;
		};
		FA83369F2549A2CA0042F178 /* PBXTargetDependency */ = {
			isa = PBXTargetDependency;
			target = FA83367B2549A2C80042F178 /* IssueTracker */;
			targetProxy = FA83369E2549A2CA0042F178 /* PBXContainerItemProxy */;
		};
/* End PBXTargetDependency section */

/* Begin PBXVariantGroup section */
		FA8336852549A2C80042F178 /* Main.storyboard */ = {
			isa = PBXVariantGroup;
			children = (
				FA8336862549A2C80042F178 /* Base */,
			);
			name = Main.storyboard;
			sourceTree = "<group>";
		};
		FA83368A2549A2CA0042F178 /* LaunchScreen.storyboard */ = {
			isa = PBXVariantGroup;
			children = (
				FA83368B2549A2CA0042F178 /* Base */,
			);
			name = LaunchScreen.storyboard;
			sourceTree = "<group>";
		};
/* End PBXVariantGroup section */

/* Begin XCBuildConfiguration section */
		FA8336A42549A2CA0042F178 /* Debug */ = {
			isa = XCBuildConfiguration;
			buildSettings = {
				ALWAYS_SEARCH_USER_PATHS = NO;
				CLANG_ANALYZER_NONNULL = YES;
				CLANG_ANALYZER_NUMBER_OBJECT_CONVERSION = YES_AGGRESSIVE;
				CLANG_CXX_LANGUAGE_STANDARD = "gnu++14";
				CLANG_CXX_LIBRARY = "libc++";
				CLANG_ENABLE_MODULES = YES;
				CLANG_ENABLE_OBJC_ARC = YES;
				CLANG_ENABLE_OBJC_WEAK = YES;
				CLANG_WARN_BLOCK_CAPTURE_AUTORELEASING = YES;
				CLANG_WARN_BOOL_CONVERSION = YES;
				CLANG_WARN_COMMA = YES;
				CLANG_WARN_CONSTANT_CONVERSION = YES;
				CLANG_WARN_DEPRECATED_OBJC_IMPLEMENTATIONS = YES;
				CLANG_WARN_DIRECT_OBJC_ISA_USAGE = YES_ERROR;
				CLANG_WARN_DOCUMENTATION_COMMENTS = YES;
				CLANG_WARN_EMPTY_BODY = YES;
				CLANG_WARN_ENUM_CONVERSION = YES;
				CLANG_WARN_INFINITE_RECURSION = YES;
				CLANG_WARN_INT_CONVERSION = YES;
				CLANG_WARN_NON_LITERAL_NULL_CONVERSION = YES;
				CLANG_WARN_OBJC_IMPLICIT_RETAIN_SELF = YES;
				CLANG_WARN_OBJC_LITERAL_CONVERSION = YES;
				CLANG_WARN_OBJC_ROOT_CLASS = YES_ERROR;
				CLANG_WARN_QUOTED_INCLUDE_IN_FRAMEWORK_HEADER = YES;
				CLANG_WARN_RANGE_LOOP_ANALYSIS = YES;
				CLANG_WARN_STRICT_PROTOTYPES = YES;
				CLANG_WARN_SUSPICIOUS_MOVE = YES;
				CLANG_WARN_UNGUARDED_AVAILABILITY = YES_AGGRESSIVE;
				CLANG_WARN_UNREACHABLE_CODE = YES;
				CLANG_WARN__DUPLICATE_METHOD_MATCH = YES;
				COPY_PHASE_STRIP = NO;
				DEBUG_INFORMATION_FORMAT = dwarf;
				ENABLE_STRICT_OBJC_MSGSEND = YES;
				ENABLE_TESTABILITY = YES;
				GCC_C_LANGUAGE_STANDARD = gnu11;
				GCC_DYNAMIC_NO_PIC = NO;
				GCC_NO_COMMON_BLOCKS = YES;
				GCC_OPTIMIZATION_LEVEL = 0;
				GCC_PREPROCESSOR_DEFINITIONS = (
					"DEBUG=1",
					"$(inherited)",
				);
				GCC_WARN_64_TO_32_BIT_CONVERSION = YES;
				GCC_WARN_ABOUT_RETURN_TYPE = YES_ERROR;
				GCC_WARN_UNDECLARED_SELECTOR = YES;
				GCC_WARN_UNINITIALIZED_AUTOS = YES_AGGRESSIVE;
				GCC_WARN_UNUSED_FUNCTION = YES;
				GCC_WARN_UNUSED_VARIABLE = YES;
				IPHONEOS_DEPLOYMENT_TARGET = 14.0;
				MTL_ENABLE_DEBUG_INFO = INCLUDE_SOURCE;
				MTL_FAST_MATH = YES;
				ONLY_ACTIVE_ARCH = YES;
				SDKROOT = iphoneos;
				SWIFT_ACTIVE_COMPILATION_CONDITIONS = DEBUG;
				SWIFT_OPTIMIZATION_LEVEL = "-Onone";
			};
			name = Debug;
		};
		FA8336A52549A2CA0042F178 /* Release */ = {
			isa = XCBuildConfiguration;
			buildSettings = {
				ALWAYS_SEARCH_USER_PATHS = NO;
				CLANG_ANALYZER_NONNULL = YES;
				CLANG_ANALYZER_NUMBER_OBJECT_CONVERSION = YES_AGGRESSIVE;
				CLANG_CXX_LANGUAGE_STANDARD = "gnu++14";
				CLANG_CXX_LIBRARY = "libc++";
				CLANG_ENABLE_MODULES = YES;
				CLANG_ENABLE_OBJC_ARC = YES;
				CLANG_ENABLE_OBJC_WEAK = YES;
				CLANG_WARN_BLOCK_CAPTURE_AUTORELEASING = YES;
				CLANG_WARN_BOOL_CONVERSION = YES;
				CLANG_WARN_COMMA = YES;
				CLANG_WARN_CONSTANT_CONVERSION = YES;
				CLANG_WARN_DEPRECATED_OBJC_IMPLEMENTATIONS = YES;
				CLANG_WARN_DIRECT_OBJC_ISA_USAGE = YES_ERROR;
				CLANG_WARN_DOCUMENTATION_COMMENTS = YES;
				CLANG_WARN_EMPTY_BODY = YES;
				CLANG_WARN_ENUM_CONVERSION = YES;
				CLANG_WARN_INFINITE_RECURSION = YES;
				CLANG_WARN_INT_CONVERSION = YES;
				CLANG_WARN_NON_LITERAL_NULL_CONVERSION = YES;
				CLANG_WARN_OBJC_IMPLICIT_RETAIN_SELF = YES;
				CLANG_WARN_OBJC_LITERAL_CONVERSION = YES;
				CLANG_WARN_OBJC_ROOT_CLASS = YES_ERROR;
				CLANG_WARN_QUOTED_INCLUDE_IN_FRAMEWORK_HEADER = YES;
				CLANG_WARN_RANGE_LOOP_ANALYSIS = YES;
				CLANG_WARN_STRICT_PROTOTYPES = YES;
				CLANG_WARN_SUSPICIOUS_MOVE = YES;
				CLANG_WARN_UNGUARDED_AVAILABILITY = YES_AGGRESSIVE;
				CLANG_WARN_UNREACHABLE_CODE = YES;
				CLANG_WARN__DUPLICATE_METHOD_MATCH = YES;
				COPY_PHASE_STRIP = NO;
				DEBUG_INFORMATION_FORMAT = "dwarf-with-dsym";
				ENABLE_NS_ASSERTIONS = NO;
				ENABLE_STRICT_OBJC_MSGSEND = YES;
				GCC_C_LANGUAGE_STANDARD = gnu11;
				GCC_NO_COMMON_BLOCKS = YES;
				GCC_WARN_64_TO_32_BIT_CONVERSION = YES;
				GCC_WARN_ABOUT_RETURN_TYPE = YES_ERROR;
				GCC_WARN_UNDECLARED_SELECTOR = YES;
				GCC_WARN_UNINITIALIZED_AUTOS = YES_AGGRESSIVE;
				GCC_WARN_UNUSED_FUNCTION = YES;
				GCC_WARN_UNUSED_VARIABLE = YES;
				IPHONEOS_DEPLOYMENT_TARGET = 14.0;
				MTL_ENABLE_DEBUG_INFO = NO;
				MTL_FAST_MATH = YES;
				SDKROOT = iphoneos;
				SWIFT_COMPILATION_MODE = wholemodule;
				SWIFT_OPTIMIZATION_LEVEL = "-O";
				VALIDATE_PRODUCT = YES;
			};
			name = Release;
		};
		FA8336A72549A2CA0042F178 /* Debug */ = {
			isa = XCBuildConfiguration;
			baseConfigurationReference = FFC2AB4783209763D5FB3663 /* Pods-IssueTracker.debug.xcconfig */;
			buildSettings = {
				ASSETCATALOG_COMPILER_APPICON_NAME = AppIcon;
				ASSETCATALOG_COMPILER_GLOBAL_ACCENT_COLOR_NAME = AccentColor;
				CODE_SIGN_STYLE = Automatic;
				DEVELOPMENT_TEAM = B3PWYBKFUK;
				INFOPLIST_FILE = IssueTracker/Info.plist;
				LD_RUNPATH_SEARCH_PATHS = (
					"$(inherited)",
					"@executable_path/Frameworks",
				);
				PRODUCT_BUNDLE_IDENTIFIER = net.alimelon.IssueTracker;
				PRODUCT_NAME = "$(TARGET_NAME)";
				SWIFT_VERSION = 5.0;
				TARGETED_DEVICE_FAMILY = "1,2";
			};
			name = Debug;
		};
		FA8336A82549A2CA0042F178 /* Release */ = {
			isa = XCBuildConfiguration;
			baseConfigurationReference = 20DAADD4760A8533A77CE403 /* Pods-IssueTracker.release.xcconfig */;
			buildSettings = {
				ASSETCATALOG_COMPILER_APPICON_NAME = AppIcon;
				ASSETCATALOG_COMPILER_GLOBAL_ACCENT_COLOR_NAME = AccentColor;
				CODE_SIGN_STYLE = Automatic;
				DEVELOPMENT_TEAM = B3PWYBKFUK;
				INFOPLIST_FILE = IssueTracker/Info.plist;
				LD_RUNPATH_SEARCH_PATHS = (
					"$(inherited)",
					"@executable_path/Frameworks",
				);
				PRODUCT_BUNDLE_IDENTIFIER = net.alimelon.IssueTracker;
				PRODUCT_NAME = "$(TARGET_NAME)";
				SWIFT_VERSION = 5.0;
				TARGETED_DEVICE_FAMILY = "1,2";
			};
			name = Release;
		};
		FA8336AA2549A2CA0042F178 /* Debug */ = {
			isa = XCBuildConfiguration;
			baseConfigurationReference = 1E945AC86DC001928D082F9A /* Pods-IssueTrackerTests.debug.xcconfig */;
			buildSettings = {
				ALWAYS_EMBED_SWIFT_STANDARD_LIBRARIES = YES;
				BUNDLE_LOADER = "$(TEST_HOST)";
				CODE_SIGN_STYLE = Automatic;
				DEVELOPMENT_TEAM = B3PWYBKFUK;
				INFOPLIST_FILE = IssueTrackerTests/Info.plist;
				IPHONEOS_DEPLOYMENT_TARGET = 14.0;
				LD_RUNPATH_SEARCH_PATHS = (
					"$(inherited)",
					"@executable_path/Frameworks",
					"@loader_path/Frameworks",
				);
				PRODUCT_BUNDLE_IDENTIFIER = net.alimelon.IssueTrackerTests;
				PRODUCT_NAME = "$(TARGET_NAME)";
				SWIFT_VERSION = 5.0;
				TARGETED_DEVICE_FAMILY = "1,2";
				TEST_HOST = "$(BUILT_PRODUCTS_DIR)/IssueTracker.app/IssueTracker";
			};
			name = Debug;
		};
		FA8336AB2549A2CA0042F178 /* Release */ = {
			isa = XCBuildConfiguration;
			baseConfigurationReference = AA0C1320BF34CF60E84A5B82 /* Pods-IssueTrackerTests.release.xcconfig */;
			buildSettings = {
				ALWAYS_EMBED_SWIFT_STANDARD_LIBRARIES = YES;
				BUNDLE_LOADER = "$(TEST_HOST)";
				CODE_SIGN_STYLE = Automatic;
				DEVELOPMENT_TEAM = B3PWYBKFUK;
				INFOPLIST_FILE = IssueTrackerTests/Info.plist;
				IPHONEOS_DEPLOYMENT_TARGET = 14.0;
				LD_RUNPATH_SEARCH_PATHS = (
					"$(inherited)",
					"@executable_path/Frameworks",
					"@loader_path/Frameworks",
				);
				PRODUCT_BUNDLE_IDENTIFIER = net.alimelon.IssueTrackerTests;
				PRODUCT_NAME = "$(TARGET_NAME)";
				SWIFT_VERSION = 5.0;
				TARGETED_DEVICE_FAMILY = "1,2";
				TEST_HOST = "$(BUILT_PRODUCTS_DIR)/IssueTracker.app/IssueTracker";
			};
			name = Release;
		};
		FA8336AD2549A2CA0042F178 /* Debug */ = {
			isa = XCBuildConfiguration;
			baseConfigurationReference = ED590DFEE21AFD5F13E90E87 /* Pods-IssueTracker-IssueTrackerUITests.debug.xcconfig */;
			buildSettings = {
				ALWAYS_EMBED_SWIFT_STANDARD_LIBRARIES = YES;
				CODE_SIGN_STYLE = Automatic;
				DEVELOPMENT_TEAM = B3PWYBKFUK;
				INFOPLIST_FILE = IssueTrackerUITests/Info.plist;
				LD_RUNPATH_SEARCH_PATHS = (
					"$(inherited)",
					"@executable_path/Frameworks",
					"@loader_path/Frameworks",
				);
				PRODUCT_BUNDLE_IDENTIFIER = net.alimelon.IssueTrackerUITests;
				PRODUCT_NAME = "$(TARGET_NAME)";
				SWIFT_VERSION = 5.0;
				TARGETED_DEVICE_FAMILY = "1,2";
				TEST_TARGET_NAME = IssueTracker;
			};
			name = Debug;
		};
		FA8336AE2549A2CA0042F178 /* Release */ = {
			isa = XCBuildConfiguration;
			baseConfigurationReference = 9A48F5AC15B1A7663E045F59 /* Pods-IssueTracker-IssueTrackerUITests.release.xcconfig */;
			buildSettings = {
				ALWAYS_EMBED_SWIFT_STANDARD_LIBRARIES = YES;
				CODE_SIGN_STYLE = Automatic;
				DEVELOPMENT_TEAM = B3PWYBKFUK;
				INFOPLIST_FILE = IssueTrackerUITests/Info.plist;
				LD_RUNPATH_SEARCH_PATHS = (
					"$(inherited)",
					"@executable_path/Frameworks",
					"@loader_path/Frameworks",
				);
				PRODUCT_BUNDLE_IDENTIFIER = net.alimelon.IssueTrackerUITests;
				PRODUCT_NAME = "$(TARGET_NAME)";
				SWIFT_VERSION = 5.0;
				TARGETED_DEVICE_FAMILY = "1,2";
				TEST_TARGET_NAME = IssueTracker;
			};
			name = Release;
		};
/* End XCBuildConfiguration section */

/* Begin XCConfigurationList section */
		FA8336772549A2C80042F178 /* Build configuration list for PBXProject "IssueTracker" */ = {
			isa = XCConfigurationList;
			buildConfigurations = (
				FA8336A42549A2CA0042F178 /* Debug */,
				FA8336A52549A2CA0042F178 /* Release */,
			);
			defaultConfigurationIsVisible = 0;
			defaultConfigurationName = Release;
		};
		FA8336A62549A2CA0042F178 /* Build configuration list for PBXNativeTarget "IssueTracker" */ = {
			isa = XCConfigurationList;
			buildConfigurations = (
				FA8336A72549A2CA0042F178 /* Debug */,
				FA8336A82549A2CA0042F178 /* Release */,
			);
			defaultConfigurationIsVisible = 0;
			defaultConfigurationName = Release;
		};
		FA8336A92549A2CA0042F178 /* Build configuration list for PBXNativeTarget "IssueTrackerTests" */ = {
			isa = XCConfigurationList;
			buildConfigurations = (
				FA8336AA2549A2CA0042F178 /* Debug */,
				FA8336AB2549A2CA0042F178 /* Release */,
			);
			defaultConfigurationIsVisible = 0;
			defaultConfigurationName = Release;
		};
		FA8336AC2549A2CA0042F178 /* Build configuration list for PBXNativeTarget "IssueTrackerUITests" */ = {
			isa = XCConfigurationList;
			buildConfigurations = (
				FA8336AD2549A2CA0042F178 /* Debug */,
				FA8336AE2549A2CA0042F178 /* Release */,
			);
			defaultConfigurationIsVisible = 0;
			defaultConfigurationName = Release;
		};
/* End XCConfigurationList section */
	};
	rootObject = FA8336742549A2C80042F178 /* Project object */;
}
